
Microsoft Visual Studio Solution File, Format Version 12.00
# Visual Studio Version 17
VisualStudioVersion = 17.14.36603.0
MinimumVisualStudioVersion = 10.0.40219.1
Project("{FAE04EC0-301F-11D3-BF4B-00C04F79EFBC}") = "SQLiScanner", "SQLiScanner\SQLiScanner.csproj", "{0D3A8843-69F4-443F-BB1D-2C199DC345AD}"
EndProject
Project("{FAE04EC0-301F-11D3-BF4B-00C04F79EFBC}") = "DataSchema", "DataSchema\DataSchema.csproj", "{D245C918-5A50-4A9F-95A7-51990C52E49A}"
EndProject
Global
	GlobalSection(SolutionConfigurationPlatforms) = preSolution
		Debug|Any CPU = Debug|Any CPU
		Release|Any CPU = Release|Any CPU
	EndGlobalSection
	GlobalSection(ProjectConfigurationPlatforms) = postSolution
		{0D3A8843-69F4-443F-BB1D-2C199DC345AD}.Debug|Any CPU.ActiveCfg = Debug|Any CPU
		{0D3A8843-69F4-443F-BB1D-2C199DC345AD}.Debug|Any CPU.Build.0 = Debug|Any CPU
		{0D3A8843-69F4-443F-BB1D-2C199DC345AD}.Release|Any CPU.ActiveCfg = Release|Any CPU
		{0D3A8843-69F4-443F-BB1D-2C199DC345AD}.Release|Any CPU.Build.0 = Release|Any CPU
		{D245C918-5A50-4A9F-95A7-51990C52E49A}.Debug|Any CPU.ActiveCfg = Debug|Any CPU
		{D245C918-5A50-4A9F-95A7-51990C52E49A}.Debug|Any CPU.Build.0 = Debug|Any CPU
		{D245C918-5A50-4A9F-95A7-51990C52E49A}.Release|Any CPU.ActiveCfg = Release|Any CPU
		{D245C918-5A50-4A9F-95A7-51990C52E49A}.Release|Any CPU.Build.0 = Release|Any CPU
	EndGlobalSection
	GlobalSection(SolutionProperties) = preSolution
		HideSolutionNode = FALSE
	EndGlobalSection
	GlobalSection(ExtensibilityGlobals) = postSolution
		SolutionGuid = {5C2612A4-5354-4D66-81EB-CD74F8A46395}
	EndGlobalSection
EndGlobal
